
Microsoft Visual Studio Solution File, Format Version 12.00
# Visual Studio Version 17
VisualStudioVersion = 17.6.33829.357
MinimumVisualStudioVersion = 10.0.40219.1
Project("{9A19103F-16F7-4668-BE54-9A1E7A4F7556}") = "DTO", "DTO\DTO.csproj", "{10220942-104C-46A5-8C5A-693A9AE06723}"
EndProject
Project("{9A19103F-16F7-4668-BE54-9A1E7A4F7556}") = "Dal", "Dal\Dal.csproj", "{6CEAE3D7-FC4C-4F3C-B647-02B7B3389033}"
EndProject
Project("{9A19103F-16F7-4668-BE54-9A1E7A4F7556}") = "WebApi", "WebApi\WebApi.csproj", "{1B866DFA-81F6-4D00-B460-0434FC36F48F}"
EndProject
Project("{9A19103F-16F7-4668-BE54-9A1E7A4F7556}") = "Bll", "Bll\Bll.csproj", "{1CFA6BFF-54FD-4DD4-BB6B-523F174DAF73}"
EndProject
Global
	GlobalSection(SolutionConfigurationPlatforms) = preSolution
		Debug|Any CPU = Debug|Any CPU
		Release|Any CPU = Release|Any CPU
	EndGlobalSection
	GlobalSection(ProjectConfigurationPlatforms) = postSolution
		{10220942-104C-46A5-8C5A-693A9AE06723}.Debug|Any CPU.ActiveCfg = Debug|Any CPU
		{10220942-104C-46A5-8C5A-693A9AE06723}.Debug|Any CPU.Build.0 = Debug|Any CPU
		{10220942-104C-46A5-8C5A-693A9AE06723}.Release|Any CPU.ActiveCfg = Release|Any CPU
		{10220942-104C-46A5-8C5A-693A9AE06723}.Release|Any CPU.Build.0 = Release|Any CPU
		{6CEAE3D7-FC4C-4F3C-B647-02B7B3389033}.Debug|Any CPU.ActiveCfg = Debug|Any CPU
		{6CEAE3D7-FC4C-4F3C-B647-02B7B3389033}.Debug|Any CPU.Build.0 = Debug|Any CPU
		{6CEAE3D7-FC4C-4F3C-B647-02B7B3389033}.Release|Any CPU.ActiveCfg = Release|Any CPU
		{6CEAE3D7-FC4C-4F3C-B647-02B7B3389033}.Release|Any CPU.Build.0 = Release|Any CPU
		{1B866DFA-81F6-4D00-B460-0434FC36F48F}.Debug|Any CPU.ActiveCfg = Debug|Any CPU
		{1B866DFA-81F6-4D00-B460-0434FC36F48F}.Debug|Any CPU.Build.0 = Debug|Any CPU
		{1B866DFA-81F6-4D00-B460-0434FC36F48F}.Release|Any CPU.ActiveCfg = Release|Any CPU
		{1B866DFA-81F6-4D00-B460-0434FC36F48F}.Release|Any CPU.Build.0 = Release|Any CPU
		{1CFA6BFF-54FD-4DD4-BB6B-523F174DAF73}.Debug|Any CPU.ActiveCfg = Debug|Any CPU
		{1CFA6BFF-54FD-4DD4-BB6B-523F174DAF73}.Debug|Any CPU.Build.0 = Debug|Any CPU
		{1CFA6BFF-54FD-4DD4-BB6B-523F174DAF73}.Release|Any CPU.ActiveCfg = Release|Any CPU
		{1CFA6BFF-54FD-4DD4-BB6B-523F174DAF73}.Release|Any CPU.Build.0 = Release|Any CPU
	EndGlobalSection
	GlobalSection(SolutionProperties) = preSolution
		HideSolutionNode = FALSE
	EndGlobalSection
	GlobalSection(ExtensibilityGlobals) = postSolution
		SolutionGuid = {4B5496AA-88A1-4AF7-A521-7347EC03A6AB}
	EndGlobalSection
EndGlobal
